Microsoft Visual Studio Solution File, Format Version 12.00
# Visual Studio Version 17
VisualStudioVersion = 17.5.2.0
MinimumVisualStudioVersion = 10.0.40219.1
Project("{2150E333-8FDC-42A3-9474-1A3956D46DE8}") = "services", "services", "{5854FF58-B8C5-05C6-5BF2-ACE42193F22B}"
EndProject
Project("{2150E333-8FDC-42A3-9474-1A3956D46DE8}") = "core-banking", "core-banking", "{ED037F10-3F2B-85DD-2C0B-70344078B693}"
EndProject
Project("{FAE04EC0-301F-11D3-BF4B-00C04F79EFBC}") = "BIK.CoreBanking", "services\core-banking\BIK.CoreBanking.csproj", "{642691E9-56FD-3538-DB9B-71CBD439D86B}"
EndProject
Global
	GlobalSection(SolutionConfigurationPlatforms) = preSolution
		Debug|Any CPU = Debug|Any CPU
		Release|Any CPU = Release|Any CPU
	EndGlobalSection
	GlobalSection(ProjectConfigurationPlatforms) = postSolution
		{642691E9-56FD-3538-DB9B-71CBD439D86B}.Debug|Any CPU.ActiveCfg = Debug|Any CPU
		{642691E9-56FD-3538-DB9B-71CBD439D86B}.Debug|Any CPU.Build.0 = Debug|Any CPU
		{642691E9-56FD-3538-DB9B-71CBD439D86B}.Release|Any CPU.ActiveCfg = Release|Any CPU
		{642691E9-56FD-3538-DB9B-71CBD439D86B}.Release|Any CPU.Build.0 = Release|Any CPU
	EndGlobalSection
	GlobalSection(SolutionProperties) = preSolution
		HideSolutionNode = FALSE
	EndGlobalSection
	GlobalSection(NestedProjects) = preSolution
		{ED037F10-3F2B-85DD-2C0B-70344078B693} = {5854FF58-B8C5-05C6-5BF2-ACE42193F22B}
		{642691E9-56FD-3538-DB9B-71CBD439D86B} = {ED037F10-3F2B-85DD-2C0B-70344078B693}
	EndGlobalSection
	GlobalSection(ExtensibilityGlobals) = postSolution
		SolutionGuid = {0C26B348-AE7F-49DB-BAE9-2FC8F0BF81DD}
	EndGlobalSection
EndGlobal
